
Microsoft Visual Studio Solution File, Format Version 12.00
# Visual Studio Version 17
VisualStudioVersion = 17.8.34330.188
MinimumVisualStudioVersion = 10.0.40219.1
Project("{FAE04EC0-301F-11D3-BF4B-00C04F79EFBC}") = "ShapeLake", "ShapeLake\ShapeLake.csproj", "{2E39F377-E56A-4076-8746-1B4A070642C5}"
EndProject
Project("{FAE04EC0-301F-11D3-BF4B-00C04F79EFBC}") = "Sanyata", "Sanyata\Sanyata.csproj", "{352FD332-E15F-4D2F-8272-A3F2853B49CA}"
EndProject
Project("{FAE04EC0-301F-11D3-BF4B-00C04F79EFBC}") = "Utils", "Utils\Utils.csproj", "{A92C1C1A-B583-4707-B499-09E8269F40BD}"
EndProject
Project("{2150E333-8FDC-42A3-9474-1A3956D46DE8}") = "解决方案项", "解决方案项", "{16D9B2F5-2479-43AA-BD71-F5CA8949D5B1}"
	ProjectSection(SolutionItems) = preProject
		README.MD = README.MD
	EndProjectSection
EndProject
Project("{FAE04EC0-301F-11D3-BF4B-00C04F79EFBC}") = "WINAPIS", "WINAPIS\WINAPIS.csproj", "{D32F8404-E4F6-4D0A-9AD1-11694A0ED594}"
EndProject
Global
	GlobalSection(SolutionConfigurationPlatforms) = preSolution
		Debug|Any CPU = Debug|Any CPU
		Release|Any CPU = Release|Any CPU
	EndGlobalSection
	GlobalSection(ProjectConfigurationPlatforms) = postSolution
		{2E39F377-E56A-4076-8746-1B4A070642C5}.Debug|Any CPU.ActiveCfg = Debug|Any CPU
		{2E39F377-E56A-4076-8746-1B4A070642C5}.Debug|Any CPU.Build.0 = Debug|Any CPU
		{2E39F377-E56A-4076-8746-1B4A070642C5}.Release|Any CPU.ActiveCfg = Release|Any CPU
		{2E39F377-E56A-4076-8746-1B4A070642C5}.Release|Any CPU.Build.0 = Release|Any CPU
		{352FD332-E15F-4D2F-8272-A3F2853B49CA}.Debug|Any CPU.ActiveCfg = Debug|Any CPU
		{352FD332-E15F-4D2F-8272-A3F2853B49CA}.Debug|Any CPU.Build.0 = Debug|Any CPU
		{352FD332-E15F-4D2F-8272-A3F2853B49CA}.Release|Any CPU.ActiveCfg = Release|Any CPU
		{352FD332-E15F-4D2F-8272-A3F2853B49CA}.Release|Any CPU.Build.0 = Release|Any CPU
		{A92C1C1A-B583-4707-B499-09E8269F40BD}.Debug|Any CPU.ActiveCfg = Debug|Any CPU
		{A92C1C1A-B583-4707-B499-09E8269F40BD}.Debug|Any CPU.Build.0 = Debug|Any CPU
		{A92C1C1A-B583-4707-B499-09E8269F40BD}.Release|Any CPU.ActiveCfg = Release|Any CPU
		{A92C1C1A-B583-4707-B499-09E8269F40BD}.Release|Any CPU.Build.0 = Release|Any CPU
		{D32F8404-E4F6-4D0A-9AD1-11694A0ED594}.Debug|Any CPU.ActiveCfg = Debug|Any CPU
		{D32F8404-E4F6-4D0A-9AD1-11694A0ED594}.Debug|Any CPU.Build.0 = Debug|Any CPU
		{D32F8404-E4F6-4D0A-9AD1-11694A0ED594}.Release|Any CPU.ActiveCfg = Release|Any CPU
		{D32F8404-E4F6-4D0A-9AD1-11694A0ED594}.Release|Any CPU.Build.0 = Release|Any CPU
	EndGlobalSection
	GlobalSection(SolutionProperties) = preSolution
		HideSolutionNode = FALSE
	EndGlobalSection
	GlobalSection(ExtensibilityGlobals) = postSolution
		SolutionGuid = {B48BA129-7C38-465A-B357-3DE11E9975D5}
	EndGlobalSection
EndGlobal
